
Microsoft Visual Studio Solution File, Format Version 12.00
# Visual Studio Version 17
VisualStudioVersion = 17.6.33712.159
MinimumVisualStudioVersion = 10.0.40219.1
Project("{FAE04EC0-301F-11D3-BF4B-00C04F79EFBC}") = "TcpService", "TcpService.csproj", "{DB59BC00-D254-4EC3-8467-CD87DF0DC839}"
EndProject
Global
	GlobalSection(SolutionConfigurationPlatforms) = preSolution
		Debug|Any CPU = Debug|Any CPU
		Release|Any CPU = Release|Any CPU
	EndGlobalSection
	GlobalSection(ProjectConfigurationPlatforms) = postSolution
		{DB59BC00-D254-4EC3-8467-CD87DF0DC839}.Debug|Any CPU.ActiveCfg = Debug|Any CPU
		{DB59BC00-D254-4EC3-8467-CD87DF0DC839}.Debug|Any CPU.Build.0 = Debug|Any CPU
		{DB59BC00-D254-4EC3-8467-CD87DF0DC839}.Release|Any CPU.ActiveCfg = Release|Any CPU
		{DB59BC00-D254-4EC3-8467-CD87DF0DC839}.Release|Any CPU.Build.0 = Release|Any CPU
	EndGlobalSection
	GlobalSection(SolutionProperties) = preSolution
		HideSolutionNode = FALSE
	EndGlobalSection
	GlobalSection(ExtensibilityGlobals) = postSolution
		SolutionGuid = {211B3530-AF89-4B2C-9759-7C1092EA5C4E}
	EndGlobalSection
EndGlobal
